
Microsoft Visual Studio Solution File, Format Version 12.00
# Visual Studio Version 17
VisualStudioVersion = 17.2.32526.322
MinimumVisualStudioVersion = 10.0.40219.1
Project("{9A19103F-16F7-4668-BE54-9A1E7A4F7556}") = "Bingo Final", "Bingo Final\Bingo Final.csproj", "{188C95C3-F597-4982-B248-DDAC770E1DF5}"
EndProject
Project("{00D1A9C2-B5F0-4AF3-8072-F6C62B433612}") = "Bingo Final DB", "Bingo Final DB\Bingo Final DB.sqlproj", "{8FB98C63-1202-498A-B704-8AF3CC6C4898}"
EndProject
Global
	GlobalSection(SolutionConfigurationPlatforms) = preSolution
		Debug|Any CPU = Debug|Any CPU
		Release|Any CPU = Release|Any CPU
	EndGlobalSection
	GlobalSection(ProjectConfigurationPlatforms) = postSolution
		{188C95C3-F597-4982-B248-DDAC770E1DF5}.Debug|Any CPU.ActiveCfg = Debug|Any CPU
		{188C95C3-F597-4982-B248-DDAC770E1DF5}.Debug|Any CPU.Build.0 = Debug|Any CPU
		{188C95C3-F597-4982-B248-DDAC770E1DF5}.Release|Any CPU.ActiveCfg = Release|Any CPU
		{188C95C3-F597-4982-B248-DDAC770E1DF5}.Release|Any CPU.Build.0 = Release|Any CPU
		{8FB98C63-1202-498A-B704-8AF3CC6C4898}.Debug|Any CPU.ActiveCfg = Debug|Any CPU
		{8FB98C63-1202-498A-B704-8AF3CC6C4898}.Debug|Any CPU.Build.0 = Debug|Any CPU
		{8FB98C63-1202-498A-B704-8AF3CC6C4898}.Debug|Any CPU.Deploy.0 = Debug|Any CPU
		{8FB98C63-1202-498A-B704-8AF3CC6C4898}.Release|Any CPU.ActiveCfg = Release|Any CPU
		{8FB98C63-1202-498A-B704-8AF3CC6C4898}.Release|Any CPU.Build.0 = Release|Any CPU
		{8FB98C63-1202-498A-B704-8AF3CC6C4898}.Release|Any CPU.Deploy.0 = Release|Any CPU
	EndGlobalSection
	GlobalSection(SolutionProperties) = preSolution
		HideSolutionNode = FALSE
	EndGlobalSection
	GlobalSection(ExtensibilityGlobals) = postSolution
		SolutionGuid = {EA53F3C6-0F8B-49C9-B428-65AE344355BA}
	EndGlobalSection
EndGlobal
